{
  "pins" : [
    {
      "identity" : "scientificcalculator-ios",
      "kind" : "remoteSourceControl",
      "location" : "https://github.com/jacky0207/ScientificCalculator-iOS",
      "state" : {
        "branch" : "fix/package-access",
        "revision" : "a95ab9b0bd1c14d519fbcadbd563989af6d03af5"
      }
    }
  ],
  "version" : 2
}
