{
  "pins" : [
    {
      "identity" : "scientificcalculator-ios",
      "kind" : "remoteSourceControl",
      "location" : "https://github.com/jacky0207/ScientificCalculator-iOS",
      "state" : {
        "branch" : "fix/package-access",
        "revision" : "f0e6780e5aa40f77037ae286a0b9863f3c16efe2"
      }
    }
  ],
  "version" : 2
}
